
Microsoft Visual Studio Solution File, Format Version 12.00
# Visual Studio Version 17
VisualStudioVersion = 17.0.31903.59
MinimumVisualStudioVersion = 10.0.40219.1
Project("{FAE04EC0-301F-11D3-BF4B-00C04F79EFBC}") = "FileMutation.Api.Tests", "tests\\FileMutation.Api.Tests\\FileMutation.Api.Tests.csproj", "{73AF3861-43BD-46C8-B26C-D525E22FE22A}"
EndProject
Project("{FAE04EC0-301F-11D3-BF4B-00C04F79EFBC}") = "FileMutation.Domain.Tests", "tests\\FileMutation.Domain.Tests\\FileMutation.Domain.Tests.csproj", "{059499AF-0BAA-4A17-ABDD-F874EB17AAE5}"
EndProject
Project("{FAE04EC0-301F-11D3-BF4B-00C04F79EFBC}") = "FileMutation.Application.Tests", "tests\\FileMutation.Application.Tests\\FileMutation.Application.Tests.csproj", "{D94E7C59-3876-40DD-98B7-C1965F4C3568}"
EndProject
Project("{2150E333-8FDC-42A3-9474-1A3956D46DE8}") = "src", "src", "{827E0CD3-B72D-47B6-A68D-7590B98EB39B}"
EndProject
Project("{FAE04EC0-301F-11D3-BF4B-00C04F79EFBC}") = "FileMutation.Infrastructure", "src\FileMutation.Infrastructure\FileMutation.Infrastructure.csproj", "{9202299C-9547-4AE6-BC19-76E5E6AA5444}"
EndProject
Project("{FAE04EC0-301F-11D3-BF4B-00C04F79EFBC}") = "FileMutation.Domain", "src\FileMutation.Domain\FileMutation.Domain.csproj", "{C3698299-EA5C-431D-A167-7ACC1730EE6F}"
EndProject
Project("{2150E333-8FDC-42A3-9474-1A3956D46DE8}") = "tests", "tests", "{0AB3BF05-4346-4AA6-1389-037BE0695223}"
EndProject
Project("{FAE04EC0-301F-11D3-BF4B-00C04F79EFBC}") = "FileMutation.Infrastructure.Tests", "tests\FileMutation.Infrastructure.Tests\FileMutation.Infrastructure.Tests.csproj", "{B27F637D-2ACA-40DA-821D-C4E00EAE1E8E}"
EndProject
Project("{FAE04EC0-301F-11D3-BF4B-00C04F79EFBC}") = "FileMutation.TestCommon", "tests\FileMutation.TestCommon\FileMutation.TestCommon.csproj", "{103F7CAD-D494-4CDA-9567-18295B398418}"
EndProject
Project("{FAE04EC0-301F-11D3-BF4B-00C04F79EFBC}") = "FileMutation.Architecture.Tests", "tests\FileMutation.Architecture.Tests\FileMutation.Architecture.Tests.csproj", "{D4831D30-2CA2-41DC-837B-3F868C9D9E82}"
EndProject
Project("{FAE04EC0-301F-11D3-BF4B-00C04F79EFBC}") = "FileMutation.Api", "src\FileMutation.Api\FileMutation.Api.csproj", "{8764B97E-26AA-4C5E-9B5C-C607CC9D49E3}"
EndProject
Project("{FAE04EC0-301F-11D3-BF4B-00C04F79EFBC}") = "FileMutation.Application", "src\FileMutation.Application\FileMutation.Application.csproj", "{760FE778-6F8E-49C4-AE10-8A7AD337CC1D}"
EndProject
Project("{2150E333-8FDC-42A3-9474-1A3956D46DE8}") = "benchmarks", "benchmarks", "{66320409-64EC-F7C5-3DEF-65E7510DAAD1}"
EndProject
Project("{FAE04EC0-301F-11D3-BF4B-00C04F79EFBC}") = "FileMutation.Benchmarks", "benchmarks\FileMutation.Benchmarks\FileMutation.Benchmarks.csproj", "{90E9F1BA-31B6-47E3-A097-FE58E22DEAE9}"
EndProject
Project("{FAE04EC0-301F-11D3-BF4B-00C04F79EFBC}") = "FileMutation.Analyzers", "src\FileMutation.Analyzers\FileMutation.Analyzers.csproj", "{C566CBBF-318B-495A-841E-EBA7071F25AD}"
EndProject
Project("{FAE04EC0-301F-11D3-BF4B-00C04F79EFBC}") = "FileMutation.Analyzers.Tests", "tests\FileMutation.Analyzers.Tests\FileMutation.Analyzers.Tests.csproj", "{65EBF8E1-0D29-459B-AA0F-2613948F9C28}"
EndProject
Global
	GlobalSection(SolutionConfigurationPlatforms) = preSolution
		Debug|Any CPU = Debug|Any CPU
		Debug|x64 = Debug|x64
		Debug|x86 = Debug|x86
		Release|Any CPU = Release|Any CPU
		Release|x64 = Release|x64
		Release|x86 = Release|x86
	EndGlobalSection
	GlobalSection(ProjectConfigurationPlatforms) = postSolution
		{73AF3861-43BD-46C8-B26C-D525E22FE22A}.Debug|Any CPU.ActiveCfg = Debug|Any CPU
		{73AF3861-43BD-46C8-B26C-D525E22FE22A}.Debug|Any CPU.Build.0 = Debug|Any CPU
		{73AF3861-43BD-46C8-B26C-D525E22FE22A}.Debug|x64.ActiveCfg = Debug|Any CPU
		{73AF3861-43BD-46C8-B26C-D525E22FE22A}.Debug|x64.Build.0 = Debug|Any CPU
		{73AF3861-43BD-46C8-B26C-D525E22FE22A}.Debug|x86.ActiveCfg = Debug|Any CPU
		{73AF3861-43BD-46C8-B26C-D525E22FE22A}.Debug|x86.Build.0 = Debug|Any CPU
		{73AF3861-43BD-46C8-B26C-D525E22FE22A}.Release|Any CPU.ActiveCfg = Release|Any CPU
		{73AF3861-43BD-46C8-B26C-D525E22FE22A}.Release|Any CPU.Build.0 = Release|Any CPU
		{73AF3861-43BD-46C8-B26C-D525E22FE22A}.Release|x64.ActiveCfg = Release|Any CPU
		{73AF3861-43BD-46C8-B26C-D525E22FE22A}.Release|x64.Build.0 = Release|Any CPU
		{73AF3861-43BD-46C8-B26C-D525E22FE22A}.Release|x86.ActiveCfg = Release|Any CPU
		{73AF3861-43BD-46C8-B26C-D525E22FE22A}.Release|x86.Build.0 = Release|Any CPU
		{059499AF-0BAA-4A17-ABDD-F874EB17AAE5}.Debug|Any CPU.ActiveCfg = Debug|Any CPU
		{059499AF-0BAA-4A17-ABDD-F874EB17AAE5}.Debug|Any CPU.Build.0 = Debug|Any CPU
		{059499AF-0BAA-4A17-ABDD-F874EB17AAE5}.Debug|x64.ActiveCfg = Debug|Any CPU
		{059499AF-0BAA-4A17-ABDD-F874EB17AAE5}.Debug|x64.Build.0 = Debug|Any CPU
		{059499AF-0BAA-4A17-ABDD-F874EB17AAE5}.Debug|x86.ActiveCfg = Debug|Any CPU
		{059499AF-0BAA-4A17-ABDD-F874EB17AAE5}.Debug|x86.Build.0 = Debug|Any CPU
		{059499AF-0BAA-4A17-ABDD-F874EB17AAE5}.Release|Any CPU.ActiveCfg = Release|Any CPU
		{059499AF-0BAA-4A17-ABDD-F874EB17AAE5}.Release|Any CPU.Build.0 = Release|Any CPU
		{059499AF-0BAA-4A17-ABDD-F874EB17AAE5}.Release|x64.ActiveCfg = Release|Any CPU
		{059499AF-0BAA-4A17-ABDD-F874EB17AAE5}.Release|x64.Build.0 = Release|Any CPU
		{059499AF-0BAA-4A17-ABDD-F874EB17AAE5}.Release|x86.ActiveCfg = Release|Any CPU
		{059499AF-0BAA-4A17-ABDD-F874EB17AAE5}.Release|x86.Build.0 = Release|Any CPU
		{D94E7C59-3876-40DD-98B7-C1965F4C3568}.Debug|Any CPU.ActiveCfg = Debug|Any CPU
		{D94E7C59-3876-40DD-98B7-C1965F4C3568}.Debug|Any CPU.Build.0 = Debug|Any CPU
		{D94E7C59-3876-40DD-98B7-C1965F4C3568}.Debug|x64.ActiveCfg = Debug|Any CPU
		{D94E7C59-3876-40DD-98B7-C1965F4C3568}.Debug|x64.Build.0 = Debug|Any CPU
		{D94E7C59-3876-40DD-98B7-C1965F4C3568}.Debug|x86.ActiveCfg = Debug|Any CPU
		{D94E7C59-3876-40DD-98B7-C1965F4C3568}.Debug|x86.Build.0 = Debug|Any CPU
		{D94E7C59-3876-40DD-98B7-C1965F4C3568}.Release|Any CPU.ActiveCfg = Release|Any CPU
		{D94E7C59-3876-40DD-98B7-C1965F4C3568}.Release|Any CPU.Build.0 = Release|Any CPU
		{D94E7C59-3876-40DD-98B7-C1965F4C3568}.Release|x64.ActiveCfg = Release|Any CPU
		{D94E7C59-3876-40DD-98B7-C1965F4C3568}.Release|x64.Build.0 = Release|Any CPU
		{D94E7C59-3876-40DD-98B7-C1965F4C3568}.Release|x86.ActiveCfg = Release|Any CPU
		{D94E7C59-3876-40DD-98B7-C1965F4C3568}.Release|x86.Build.0 = Release|Any CPU
		{9202299C-9547-4AE6-BC19-76E5E6AA5444}.Debug|Any CPU.ActiveCfg = Debug|Any CPU
		{9202299C-9547-4AE6-BC19-76E5E6AA5444}.Debug|Any CPU.Build.0 = Debug|Any CPU
		{9202299C-9547-4AE6-BC19-76E5E6AA5444}.Debug|x64.ActiveCfg = Debug|Any CPU
		{9202299C-9547-4AE6-BC19-76E5E6AA5444}.Debug|x64.Build.0 = Debug|Any CPU
		{9202299C-9547-4AE6-BC19-76E5E6AA5444}.Debug|x86.ActiveCfg = Debug|Any CPU
		{9202299C-9547-4AE6-BC19-76E5E6AA5444}.Debug|x86.Build.0 = Debug|Any CPU
		{9202299C-9547-4AE6-BC19-76E5E6AA5444}.Release|Any CPU.ActiveCfg = Release|Any CPU
		{9202299C-9547-4AE6-BC19-76E5E6AA5444}.Release|Any CPU.Build.0 = Release|Any CPU
		{9202299C-9547-4AE6-BC19-76E5E6AA5444}.Release|x64.ActiveCfg = Release|Any CPU
		{9202299C-9547-4AE6-BC19-76E5E6AA5444}.Release|x64.Build.0 = Release|Any CPU
		{9202299C-9547-4AE6-BC19-76E5E6AA5444}.Release|x86.ActiveCfg = Release|Any CPU
		{9202299C-9547-4AE6-BC19-76E5E6AA5444}.Release|x86.Build.0 = Release|Any CPU
		{C3698299-EA5C-431D-A167-7ACC1730EE6F}.Debug|Any CPU.ActiveCfg = Debug|Any CPU
		{C3698299-EA5C-431D-A167-7ACC1730EE6F}.Debug|Any CPU.Build.0 = Debug|Any CPU
		{C3698299-EA5C-431D-A167-7ACC1730EE6F}.Debug|x64.ActiveCfg = Debug|Any CPU
		{C3698299-EA5C-431D-A167-7ACC1730EE6F}.Debug|x64.Build.0 = Debug|Any CPU
		{C3698299-EA5C-431D-A167-7ACC1730EE6F}.Debug|x86.ActiveCfg = Debug|Any CPU
		{C3698299-EA5C-431D-A167-7ACC1730EE6F}.Debug|x86.Build.0 = Debug|Any CPU
		{C3698299-EA5C-431D-A167-7ACC1730EE6F}.Release|Any CPU.ActiveCfg = Release|Any CPU
		{C3698299-EA5C-431D-A167-7ACC1730EE6F}.Release|Any CPU.Build.0 = Release|Any CPU
		{C3698299-EA5C-431D-A167-7ACC1730EE6F}.Release|x64.ActiveCfg = Release|Any CPU
		{C3698299-EA5C-431D-A167-7ACC1730EE6F}.Release|x64.Build.0 = Release|Any CPU
		{C3698299-EA5C-431D-A167-7ACC1730EE6F}.Release|x86.ActiveCfg = Release|Any CPU
		{C3698299-EA5C-431D-A167-7ACC1730EE6F}.Release|x86.Build.0 = Release|Any CPU
		{B27F637D-2ACA-40DA-821D-C4E00EAE1E8E}.Debug|Any CPU.ActiveCfg = Debug|Any CPU
		{B27F637D-2ACA-40DA-821D-C4E00EAE1E8E}.Debug|Any CPU.Build.0 = Debug|Any CPU
		{B27F637D-2ACA-40DA-821D-C4E00EAE1E8E}.Debug|x64.ActiveCfg = Debug|Any CPU
		{B27F637D-2ACA-40DA-821D-C4E00EAE1E8E}.Debug|x64.Build.0 = Debug|Any CPU
		{B27F637D-2ACA-40DA-821D-C4E00EAE1E8E}.Debug|x86.ActiveCfg = Debug|Any CPU
		{B27F637D-2ACA-40DA-821D-C4E00EAE1E8E}.Debug|x86.Build.0 = Debug|Any CPU
		{B27F637D-2ACA-40DA-821D-C4E00EAE1E8E}.Release|Any CPU.ActiveCfg = Release|Any CPU
		{B27F637D-2ACA-40DA-821D-C4E00EAE1E8E}.Release|Any CPU.Build.0 = Release|Any CPU
		{B27F637D-2ACA-40DA-821D-C4E00EAE1E8E}.Release|x64.ActiveCfg = Release|Any CPU
		{B27F637D-2ACA-40DA-821D-C4E00EAE1E8E}.Release|x64.Build.0 = Release|Any CPU
		{B27F637D-2ACA-40DA-821D-C4E00EAE1E8E}.Release|x86.ActiveCfg = Release|Any CPU
		{B27F637D-2ACA-40DA-821D-C4E00EAE1E8E}.Release|x86.Build.0 = Release|Any CPU
		{103F7CAD-D494-4CDA-9567-18295B398418}.Debug|Any CPU.ActiveCfg = Debug|Any CPU
		{103F7CAD-D494-4CDA-9567-18295B398418}.Debug|Any CPU.Build.0 = Debug|Any CPU
		{103F7CAD-D494-4CDA-9567-18295B398418}.Debug|x64.ActiveCfg = Debug|Any CPU
		{103F7CAD-D494-4CDA-9567-18295B398418}.Debug|x64.Build.0 = Debug|Any CPU
		{103F7CAD-D494-4CDA-9567-18295B398418}.Debug|x86.ActiveCfg = Debug|Any CPU
		{103F7CAD-D494-4CDA-9567-18295B398418}.Debug|x86.Build.0 = Debug|Any CPU
		{103F7CAD-D494-4CDA-9567-18295B398418}.Release|Any CPU.ActiveCfg = Release|Any CPU
		{103F7CAD-D494-4CDA-9567-18295B398418}.Release|Any CPU.Build.0 = Release|Any CPU
		{103F7CAD-D494-4CDA-9567-18295B398418}.Release|x64.ActiveCfg = Release|Any CPU
		{103F7CAD-D494-4CDA-9567-18295B398418}.Release|x64.Build.0 = Release|Any CPU
		{103F7CAD-D494-4CDA-9567-18295B398418}.Release|x86.ActiveCfg = Release|Any CPU
		{103F7CAD-D494-4CDA-9567-18295B398418}.Release|x86.Build.0 = Release|Any CPU
		{D4831D30-2CA2-41DC-837B-3F868C9D9E82}.Debug|Any CPU.ActiveCfg = Debug|Any CPU
		{D4831D30-2CA2-41DC-837B-3F868C9D9E82}.Debug|Any CPU.Build.0 = Debug|Any CPU
		{D4831D30-2CA2-41DC-837B-3F868C9D9E82}.Debug|x64.ActiveCfg = Debug|Any CPU
		{D4831D30-2CA2-41DC-837B-3F868C9D9E82}.Debug|x64.Build.0 = Debug|Any CPU
		{D4831D30-2CA2-41DC-837B-3F868C9D9E82}.Debug|x86.ActiveCfg = Debug|Any CPU
		{D4831D30-2CA2-41DC-837B-3F868C9D9E82}.Debug|x86.Build.0 = Debug|Any CPU
		{D4831D30-2CA2-41DC-837B-3F868C9D9E82}.Release|Any CPU.ActiveCfg = Release|Any CPU
		{D4831D30-2CA2-41DC-837B-3F868C9D9E82}.Release|Any CPU.Build.0 = Release|Any CPU
		{D4831D30-2CA2-41DC-837B-3F868C9D9E82}.Release|x64.ActiveCfg = Release|Any CPU
		{D4831D30-2CA2-41DC-837B-3F868C9D9E82}.Release|x64.Build.0 = Release|Any CPU
		{D4831D30-2CA2-41DC-837B-3F868C9D9E82}.Release|x86.ActiveCfg = Release|Any CPU
		{D4831D30-2CA2-41DC-837B-3F868C9D9E82}.Release|x86.Build.0 = Release|Any CPU
		{8764B97E-26AA-4C5E-9B5C-C607CC9D49E3}.Debug|Any CPU.ActiveCfg = Debug|Any CPU
		{8764B97E-26AA-4C5E-9B5C-C607CC9D49E3}.Debug|Any CPU.Build.0 = Debug|Any CPU
		{8764B97E-26AA-4C5E-9B5C-C607CC9D49E3}.Debug|x64.ActiveCfg = Debug|Any CPU
		{8764B97E-26AA-4C5E-9B5C-C607CC9D49E3}.Debug|x64.Build.0 = Debug|Any CPU
		{8764B97E-26AA-4C5E-9B5C-C607CC9D49E3}.Debug|x86.ActiveCfg = Debug|Any CPU
		{8764B97E-26AA-4C5E-9B5C-C607CC9D49E3}.Debug|x86.Build.0 = Debug|Any CPU
		{8764B97E-26AA-4C5E-9B5C-C607CC9D49E3}.Release|Any CPU.ActiveCfg = Release|Any CPU
		{8764B97E-26AA-4C5E-9B5C-C607CC9D49E3}.Release|Any CPU.Build.0 = Release|Any CPU
		{8764B97E-26AA-4C5E-9B5C-C607CC9D49E3}.Release|x64.ActiveCfg = Release|Any CPU
		{8764B97E-26AA-4C5E-9B5C-C607CC9D49E3}.Release|x64.Build.0 = Release|Any CPU
		{8764B97E-26AA-4C5E-9B5C-C607CC9D49E3}.Release|x86.ActiveCfg = Release|Any CPU
		{8764B97E-26AA-4C5E-9B5C-C607CC9D49E3}.Release|x86.Build.0 = Release|Any CPU
		{760FE778-6F8E-49C4-AE10-8A7AD337CC1D}.Debug|Any CPU.ActiveCfg = Debug|Any CPU
		{760FE778-6F8E-49C4-AE10-8A7AD337CC1D}.Debug|Any CPU.Build.0 = Debug|Any CPU
		{760FE778-6F8E-49C4-AE10-8A7AD337CC1D}.Debug|x64.ActiveCfg = Debug|Any CPU
		{760FE778-6F8E-49C4-AE10-8A7AD337CC1D}.Debug|x64.Build.0 = Debug|Any CPU
		{760FE778-6F8E-49C4-AE10-8A7AD337CC1D}.Debug|x86.ActiveCfg = Debug|Any CPU
		{760FE778-6F8E-49C4-AE10-8A7AD337CC1D}.Debug|x86.Build.0 = Debug|Any CPU
		{760FE778-6F8E-49C4-AE10-8A7AD337CC1D}.Release|Any CPU.ActiveCfg = Release|Any CPU
		{760FE778-6F8E-49C4-AE10-8A7AD337CC1D}.Release|Any CPU.Build.0 = Release|Any CPU
		{760FE778-6F8E-49C4-AE10-8A7AD337CC1D}.Release|x64.ActiveCfg = Release|Any CPU
		{760FE778-6F8E-49C4-AE10-8A7AD337CC1D}.Release|x64.Build.0 = Release|Any CPU
		{760FE778-6F8E-49C4-AE10-8A7AD337CC1D}.Release|x86.ActiveCfg = Release|Any CPU
		{760FE778-6F8E-49C4-AE10-8A7AD337CC1D}.Release|x86.Build.0 = Release|Any CPU
		{90E9F1BA-31B6-47E3-A097-FE58E22DEAE9}.Debug|Any CPU.ActiveCfg = Debug|Any CPU
		{90E9F1BA-31B6-47E3-A097-FE58E22DEAE9}.Debug|Any CPU.Build.0 = Debug|Any CPU
		{90E9F1BA-31B6-47E3-A097-FE58E22DEAE9}.Debug|x64.ActiveCfg = Debug|Any CPU
		{90E9F1BA-31B6-47E3-A097-FE58E22DEAE9}.Debug|x64.Build.0 = Debug|Any CPU
		{90E9F1BA-31B6-47E3-A097-FE58E22DEAE9}.Debug|x86.ActiveCfg = Debug|Any CPU
		{90E9F1BA-31B6-47E3-A097-FE58E22DEAE9}.Debug|x86.Build.0 = Debug|Any CPU
		{90E9F1BA-31B6-47E3-A097-FE58E22DEAE9}.Release|Any CPU.ActiveCfg = Release|Any CPU
		{90E9F1BA-31B6-47E3-A097-FE58E22DEAE9}.Release|Any CPU.Build.0 = Release|Any CPU
		{90E9F1BA-31B6-47E3-A097-FE58E22DEAE9}.Release|x64.ActiveCfg = Release|Any CPU
		{90E9F1BA-31B6-47E3-A097-FE58E22DEAE9}.Release|x64.Build.0 = Release|Any CPU
		{90E9F1BA-31B6-47E3-A097-FE58E22DEAE9}.Release|x86.ActiveCfg = Release|Any CPU
		{90E9F1BA-31B6-47E3-A097-FE58E22DEAE9}.Release|x86.Build.0 = Release|Any CPU
		{C566CBBF-318B-495A-841E-EBA7071F25AD}.Debug|Any CPU.ActiveCfg = Debug|Any CPU
		{C566CBBF-318B-495A-841E-EBA7071F25AD}.Debug|Any CPU.Build.0 = Debug|Any CPU
		{C566CBBF-318B-495A-841E-EBA7071F25AD}.Debug|x64.ActiveCfg = Debug|Any CPU
		{C566CBBF-318B-495A-841E-EBA7071F25AD}.Debug|x64.Build.0 = Debug|Any CPU
		{C566CBBF-318B-495A-841E-EBA7071F25AD}.Debug|x86.ActiveCfg = Debug|Any CPU
		{C566CBBF-318B-495A-841E-EBA7071F25AD}.Debug|x86.Build.0 = Debug|Any CPU
		{C566CBBF-318B-495A-841E-EBA7071F25AD}.Release|Any CPU.ActiveCfg = Release|Any CPU
		{C566CBBF-318B-495A-841E-EBA7071F25AD}.Release|Any CPU.Build.0 = Release|Any CPU
		{C566CBBF-318B-495A-841E-EBA7071F25AD}.Release|x64.ActiveCfg = Release|Any CPU
		{C566CBBF-318B-495A-841E-EBA7071F25AD}.Release|x64.Build.0 = Release|Any CPU
		{C566CBBF-318B-495A-841E-EBA7071F25AD}.Release|x86.ActiveCfg = Release|Any CPU
		{C566CBBF-318B-495A-841E-EBA7071F25AD}.Release|x86.Build.0 = Release|Any CPU
		{65EBF8E1-0D29-459B-AA0F-2613948F9C28}.Debug|Any CPU.ActiveCfg = Debug|Any CPU
		{65EBF8E1-0D29-459B-AA0F-2613948F9C28}.Debug|Any CPU.Build.0 = Debug|Any CPU
		{65EBF8E1-0D29-459B-AA0F-2613948F9C28}.Debug|x64.ActiveCfg = Debug|Any CPU
		{65EBF8E1-0D29-459B-AA0F-2613948F9C28}.Debug|x64.Build.0 = Debug|Any CPU
		{65EBF8E1-0D29-459B-AA0F-2613948F9C28}.Debug|x86.ActiveCfg = Debug|Any CPU
		{65EBF8E1-0D29-459B-AA0F-2613948F9C28}.Debug|x86.Build.0 = Debug|Any CPU
		{65EBF8E1-0D29-459B-AA0F-2613948F9C28}.Release|Any CPU.ActiveCfg = Release|Any CPU
		{65EBF8E1-0D29-459B-AA0F-2613948F9C28}.Release|Any CPU.Build.0 = Release|Any CPU
		{65EBF8E1-0D29-459B-AA0F-2613948F9C28}.Release|x64.ActiveCfg = Release|Any CPU
		{65EBF8E1-0D29-459B-AA0F-2613948F9C28}.Release|x64.Build.0 = Release|Any CPU
		{65EBF8E1-0D29-459B-AA0F-2613948F9C28}.Release|x86.ActiveCfg = Release|Any CPU
		{65EBF8E1-0D29-459B-AA0F-2613948F9C28}.Release|x86.Build.0 = Release|Any CPU
	EndGlobalSection
	GlobalSection(SolutionProperties) = preSolution
		HideSolutionNode = FALSE
	EndGlobalSection
	GlobalSection(NestedProjects) = preSolution
		{9202299C-9547-4AE6-BC19-76E5E6AA5444} = {827E0CD3-B72D-47B6-A68D-7590B98EB39B}
		{C3698299-EA5C-431D-A167-7ACC1730EE6F} = {827E0CD3-B72D-47B6-A68D-7590B98EB39B}
		{B27F637D-2ACA-40DA-821D-C4E00EAE1E8E} = {0AB3BF05-4346-4AA6-1389-037BE0695223}
		{103F7CAD-D494-4CDA-9567-18295B398418} = {0AB3BF05-4346-4AA6-1389-037BE0695223}
		{D4831D30-2CA2-41DC-837B-3F868C9D9E82} = {0AB3BF05-4346-4AA6-1389-037BE0695223}
		{8764B97E-26AA-4C5E-9B5C-C607CC9D49E3} = {827E0CD3-B72D-47B6-A68D-7590B98EB39B}
		{760FE778-6F8E-49C4-AE10-8A7AD337CC1D} = {827E0CD3-B72D-47B6-A68D-7590B98EB39B}
		{90E9F1BA-31B6-47E3-A097-FE58E22DEAE9} = {66320409-64EC-F7C5-3DEF-65E7510DAAD1}
		{C566CBBF-318B-495A-841E-EBA7071F25AD} = {827E0CD3-B72D-47B6-A68D-7590B98EB39B}
		{65EBF8E1-0D29-459B-AA0F-2613948F9C28} = {0AB3BF05-4346-4AA6-1389-037BE0695223}
	EndGlobalSection
EndGlobal
